# This file is autogenerated, do not edit; changes may be undone by the next 'dep ensure'.


[[projects]]
  digest = "1:b37c650859c9e3866ad8855cf429306efb6524fed29f29cdb5b5dbd6d7bacc06"
  name = "github.com/nbari/violetear"
  packages = ["."]
  pruneopts = "UT"
  revision = "5c7cdfea6d629c4fa5c4fafe2fe27f53b5cb0254"
  version = "5.0.1"

[solve-meta]
  analyzer-name = "dep"
  analyzer-version = 1
  input-imports = ["github.com/nbari/violetear"]
  solver-name = "gps-cdcl"
  solver-version = 1
